
Microsoft Visual Studio Solution File, Format Version 12.00
# Visual Studio Version 17
VisualStudioVersion = 17.7.34031.279
MinimumVisualStudioVersion = 10.0.40219.1
Project("{FAE04EC0-301F-11D3-BF4B-00C04F79EFBC}") = "AutomobileLibrary", "AutomobileLibrary\AutomobileLibrary.csproj", "{156D2CD9-623F-4B42-8138-069F218D21E4}"
EndProject
Project("{FAE04EC0-301F-11D3-BF4B-00C04F79EFBC}") = "AutomobileWinFormsApp", "AutomobileWinFormsApp\AutomobileWinFormsApp.csproj", "{DCECD6FB-EBCF-4C22-8701-11441A55A0CF}"
EndProject
Global
	GlobalSection(SolutionConfigurationPlatforms) = preSolution
		Debug|Any CPU = Debug|Any CPU
		Release|Any CPU = Release|Any CPU
	EndGlobalSection
	GlobalSection(ProjectConfigurationPlatforms) = postSolution
		{156D2CD9-623F-4B42-8138-069F218D21E4}.Debug|Any CPU.ActiveCfg = Debug|Any CPU
		{156D2CD9-623F-4B42-8138-069F218D21E4}.Debug|Any CPU.Build.0 = Debug|Any CPU
		{156D2CD9-623F-4B42-8138-069F218D21E4}.Release|Any CPU.ActiveCfg = Release|Any CPU
		{156D2CD9-623F-4B42-8138-069F218D21E4}.Release|Any CPU.Build.0 = Release|Any CPU
		{DCECD6FB-EBCF-4C22-8701-11441A55A0CF}.Debug|Any CPU.ActiveCfg = Debug|Any CPU
		{DCECD6FB-EBCF-4C22-8701-11441A55A0CF}.Debug|Any CPU.Build.0 = Debug|Any CPU
		{DCECD6FB-EBCF-4C22-8701-11441A55A0CF}.Release|Any CPU.ActiveCfg = Release|Any CPU
		{DCECD6FB-EBCF-4C22-8701-11441A55A0CF}.Release|Any CPU.Build.0 = Release|Any CPU
	EndGlobalSection
	GlobalSection(SolutionProperties) = preSolution
		HideSolutionNode = FALSE
	EndGlobalSection
	GlobalSection(ExtensibilityGlobals) = postSolution
		SolutionGuid = {EE68FC93-4919-411C-9AED-C5E0A19531E7}
	EndGlobalSection
EndGlobal
